
Microsoft Visual Studio Solution File, Format Version 12.00
# Visual Studio Version 16
VisualStudioVersion = 16.0.810.17
MinimumVisualStudioVersion = 10.0.40219.1
Project("{FAE04EC0-301F-11D3-BF4B-00C04F79EFBC}") = "DominosFloat", "DominosFloat\DominosFloat.csproj", "{4758B8D7-ED10-4442-90F2-403477A605DC}"
EndProject
Global
	GlobalSection(SolutionConfigurationPlatforms) = preSolution
		Debug|iPhoneSimulator = Debug|iPhoneSimulator
		Release|iPhoneSimulator = Release|iPhoneSimulator
		Debug|iPhone = Debug|iPhone
		Release|iPhone = Release|iPhone
	EndGlobalSection
	GlobalSection(ProjectConfigurationPlatforms) = postSolution
		{4758B8D7-ED10-4442-90F2-403477A605DC}.Debug|iPhoneSimulator.ActiveCfg = Debug|iPhoneSimulator
		{4758B8D7-ED10-4442-90F2-403477A605DC}.Debug|iPhoneSimulator.Build.0 = Debug|iPhoneSimulator
		{4758B8D7-ED10-4442-90F2-403477A605DC}.Release|iPhoneSimulator.ActiveCfg = Release|iPhoneSimulator
		{4758B8D7-ED10-4442-90F2-403477A605DC}.Release|iPhoneSimulator.Build.0 = Release|iPhoneSimulator
		{4758B8D7-ED10-4442-90F2-403477A605DC}.Debug|iPhone.ActiveCfg = Debug|iPhone
		{4758B8D7-ED10-4442-90F2-403477A605DC}.Debug|iPhone.Build.0 = Debug|iPhone
		{4758B8D7-ED10-4442-90F2-403477A605DC}.Release|iPhone.ActiveCfg = Release|iPhone
		{4758B8D7-ED10-4442-90F2-403477A605DC}.Release|iPhone.Build.0 = Release|iPhone
	EndGlobalSection
	GlobalSection(SolutionProperties) = preSolution
		HideSolutionNode = FALSE
	EndGlobalSection
	GlobalSection(ExtensibilityGlobals) = postSolution
		SolutionGuid = {1001D131-6170-4A72-A909-F206DE7CD494}
	EndGlobalSection
EndGlobal
